
Microsoft Visual Studio Solution File, Format Version 11.00
# Visual Studio 2010
Project("{8BC9CEB8-8B4A-11D0-8D11-00A0C91BC942}") = "Graphic_editor", "Graphic_editor\Graphic_editor.vcxproj", "{F48F3AE3-9B6D-46DF-ACCF-0098D715678F}"
EndProject
Global
	GlobalSection(SolutionConfigurationPlatforms) = preSolution
		Debug|Win32 = Debug|Win32
		Release|Win32 = Release|Win32
	EndGlobalSection
	GlobalSection(ProjectConfigurationPlatforms) = postSolution
		{F48F3AE3-9B6D-46DF-ACCF-0098D715678F}.Debug|Win32.ActiveCfg = Debug|Win32
		{F48F3AE3-9B6D-46DF-ACCF-0098D715678F}.Debug|Win32.Build.0 = Debug|Win32
		{F48F3AE3-9B6D-46DF-ACCF-0098D715678F}.Release|Win32.ActiveCfg = Release|Win32
		{F48F3AE3-9B6D-46DF-ACCF-0098D715678F}.Release|Win32.Build.0 = Release|Win32
	EndGlobalSection
	GlobalSection(SolutionProperties) = preSolution
		HideSolutionNode = FALSE
	EndGlobalSection
EndGlobal
